{
    "_meta": {
        "hash": {
            "sha256": "4caf2d988d45450971e539e52cc39fec78e9f386593b0dcc0a4c0756059c960c"
        },
        "pipfile-spec": 6,
        "requires": {
            "python_full_version": "3.10.8",
            "python_version": "3.10"
        },
        "sources": [
            {
                "name": "pypi",
                "url": "https://pypi.org/simple",
                "verify_ssl": true
            }
        ]
    },
    "default": {
        "pyaes": {
            "hashes": [
                "sha256:02c1b1405c38d3c370b085fb952dd8bea3fadcee6411ad99f312cc129c536d8f"
            ],
            "version": "==1.6.1"
        },
        "pyrogram": {
            "hashes": [
                "sha256:2a83e27644b51c705f47c4a472e3e7a6a0f470d7122f97b5e02ffd55d68c7d42",
                "sha256:f2aa017f454ee1b71b2ef15a56d9ee5114ad51626c5208407f4bb4a005b26d6a"
            ],
            "index": "pypi",
            "version": "==2.0.93"
        },
        "pysocks": {
            "hashes": [
                "sha256:08e69f092cc6dbe92a0fdd16eeb9b9ffbc13cadfe5ca4c7bd92ffb078b293299",
                "sha256:2725bd0a9925919b9b51739eea5f9e2bae91e83288108a9ad338b2e3a4435ee5",
                "sha256:3f8804571ebe159c380ac6de37643bb4685970655d3bba243530d6558b799aa0"
            ],
            "markers": "python_version >= '2.7' and python_version not in '3.0, 3.1, 3.2, 3.3'",
            "version": "==1.7.1"
        }
    },
    "develop": {}
}
